// !$*UTF8*$!
{
	archiveVersion = 1;
	classes = {
	};
	objectVersion = 46;
	objects = {

/* Begin PBXBuildFile section */
		F9DF81F01CC0BC720045A042 /* ELCalendarModel.m in Sources */ = {isa = PBXBuildFile; fileRef = F9DF81EF1CC0BC720045A042 /* ELCalendarModel.m */; };
		F9F9C77A1CBF72B700F7AB33 /* main.m in Sources */ = {isa = PBXBuildFile; fileRef = F9F9C7791CBF72B700F7AB33 /* main.m */; };
		F9F9C77D1CBF72B700F7AB33 /* AppDelegate.m in Sources */ = {isa = PBXBuildFile; fileRef = F9F9C77C1CBF72B700F7AB33 /* AppDelegate.m */; };
		F9F9C7801CBF72B700F7AB33 /* ViewController.m in Sources */ = {isa = PBXBuildFile; fileRef = F9F9C77F1CBF72B700F7AB33 /* ViewController.m */; };
		F9F9C7831CBF72B700F7AB33 /* Main.storyboard in Resources */ = {isa = PBXBuildFile; fileRef = F9F9C7811CBF72B700F7AB33 /* Main.storyboard */; };
		F9F9C7851CBF72B700F7AB33 /* Assets.xcassets in Resources */ = {isa = PBXBuildFile; fileRef = F9F9C7841CBF72B700F7AB33 /* Assets.xcassets */; };
		F9F9C7881CBF72B700F7AB33 /* LaunchScreen.storyboard in Resources */ = {isa = PBXBuildFile; fileRef = F9F9C7861CBF72B700F7AB33 /* LaunchScreen.storyboard */; };
		F9F9C7941CBF882700F7AB33 /* ELCalendarCell.m in Sources */ = {isa = PBXBuildFile; fileRef = F9F9C7931CBF882700F7AB33 /* ELCalendarCell.m */; };
		F9F9C7971CBF89BA00F7AB33 /* ELCalendarEngine.m in Sources */ = {isa = PBXBuildFile; fileRef = F9F9C7961CBF89BA00F7AB33 /* ELCalendarEngine.m */; };
		F9F9C79A1CBF8B0B00F7AB33 /* ELCalendarCollectionView.m in Sources */ = {isa = PBXBuildFile; fileRef = F9F9C7991CBF8B0B00F7AB33 /* ELCalendarCollectionView.m */; };
		F9F9C79D1CBF9F4700F7AB33 /* ELCalendarView.m in Sources */ = {isa = PBXBuildFile; fileRef = F9F9C79C1CBF9F4700F7AB33 /* ELCalendarView.m */; };
/* End PBXBuildFile section */

/* Begin PBXFileReference section */
		F9DF81EE1CC0BC720045A042 /* ELCalendarModel.h */ = {isa = PBXFileReference; fileEncoding = 4; lastKnownFileType = sourcecode.c.h; path = ELCalendarModel.h; sourceTree = "<group>"; };
		F9DF81EF1CC0BC720045A042 /* ELCalendarModel.m */ = {isa = PBXFileReference; fileEncoding = 4; lastKnownFileType = sourcecode.c.objc; path = ELCalendarModel.m; sourceTree = "<group>"; };
		F9F9C7751CBF72B700F7AB33 /* CalendarDemo.app */ = {isa = PBXFileReference; explicitFileType = wrapper.application; includeInIndex = 0; path = CalendarDemo.app; sourceTree = BUILT_PRODUCTS_DIR; };
		F9F9C7791CBF72B700F7AB33 /* main.m */ = {isa = PBXFileReference; lastKnownFileType = sourcecode.c.objc; path = main.m; sourceTree = "<group>"; };
		F9F9C77B1CBF72B700F7AB33 /* AppDelegate.h */ = {isa = PBXFileReference; lastKnownFileType = sourcecode.c.h; path = AppDelegate.h; sourceTree = "<group>"; };
		F9F9C77C1CBF72B700F7AB33 /* AppDelegate.m */ = {isa = PBXFileReference; lastKnownFileType = sourcecode.c.objc; path = AppDelegate.m; sourceTree = "<group>"; };
		F9F9C77E1CBF72B700F7AB33 /* ViewController.h */ = {isa = PBXFileReference; lastKnownFileType = sourcecode.c.h; path = ViewController.h; sourceTree = "<group>"; };
		F9F9C77F1CBF72B700F7AB33 /* ViewController.m */ = {isa = PBXFileReference; lastKnownFileType = sourcecode.c.objc; path = ViewController.m; sourceTree = "<group>"; };
		F9F9C7821CBF72B700F7AB33 /* Base */ = {isa = PBXFileReference; lastKnownFileType = file.storyboard; name = Base; path = Base.lproj/Main.storyboard; sourceTree = "<group>"; };
		F9F9C7841CBF72B700F7AB33 /* Assets.xcassets */ = {isa = PBXFileReference; lastKnownFileType = folder.assetcatalog; path = Assets.xcassets; sourceTree = "<group>"; };
		F9F9C7871CBF72B700F7AB33 /* Base */ = {isa = PBXFileReference; lastKnownFileType = file.storyboard; name = Base; path = Base.lproj/LaunchScreen.storyboard; sourceTree = "<group>"; };
		F9F9C7891CBF72B700F7AB33 /* Info.plist */ = {isa = PBXFileReference; lastKnownFileType = text.plist.xml; path = Info.plist; sourceTree = "<group>"; };
		F9F9C7921CBF882700F7AB33 /* ELCalendarCell.h */ = {isa = PBXFileReference; fileEncoding = 4; lastKnownFileType = sourcecode.c.h; path = ELCalendarCell.h; sourceTree = "<group>"; };
		F9F9C7931CBF882700F7AB33 /* ELCalendarCell.m */ = {isa = PBXFileReference; fileEncoding = 4; lastKnownFileType = sourcecode.c.objc; path = ELCalendarCell.m; sourceTree = "<group>"; };
		F9F9C7951CBF89BA00F7AB33 /* ELCalendarEngine.h */ = {isa = PBXFileReference; fileEncoding = 4; lastKnownFileType = sourcecode.c.h; path = ELCalendarEngine.h; sourceTree = "<group>"; };
		F9F9C7961CBF89BA00F7AB33 /* ELCalendarEngine.m */ = {isa = PBXFileReference; fileEncoding = 4; lastKnownFileType = sourcecode.c.objc; path = ELCalendarEngine.m; sourceTree = "<group>"; };
		F9F9C7981CBF8B0B00F7AB33 /* ELCalendarCollectionView.h */ = {isa = PBXFileReference; fileEncoding = 4; lastKnownFileType = sourcecode.c.h; path = ELCalendarCollectionView.h; sourceTree = "<group>"; };
		F9F9C7991CBF8B0B00F7AB33 /* ELCalendarCollectionView.m */ = {isa = PBXFileReference; fileEncoding = 4; lastKnownFileType = sourcecode.c.objc; path = ELCalendarCollectionView.m; sourceTree = "<group>"; };
		F9F9C79B1CBF9F4700F7AB33 /* ELCalendarView.h */ = {isa = PBXFileReference; fileEncoding = 4; lastKnownFileType = sourcecode.c.h; path = ELCalendarView.h; sourceTree = "<group>"; };
		F9F9C79C1CBF9F4700F7AB33 /* ELCalendarView.m */ = {isa = PBXFileReference; fileEncoding = 4; lastKnownFileType = sourcecode.c.objc; path = ELCalendarView.m; sourceTree = "<group>"; };
/* End PBXFileReference section */

/* Begin PBXFrameworksBuildPhase section */
		F9F9C7721CBF72B700F7AB33 /* Frameworks */ = {
			isa = PBXFrameworksBuildPhase;
			buildActionMask = 2147483647;
			files = (
			);
			runOnlyForDeploymentPostprocessing = 0;
		};
/* End PBXFrameworksBuildPhase section */

/* Begin PBXGroup section */
		F982B0161CC7598400C4248B /* view */ = {
			isa = PBXGroup;
			children = (
				F9F9C7921CBF882700F7AB33 /* ELCalendarCell.h */,
				F9F9C7931CBF882700F7AB33 /* ELCalendarCell.m */,
				F9F9C7981CBF8B0B00F7AB33 /* ELCalendarCollectionView.h */,
				F9F9C7991CBF8B0B00F7AB33 /* ELCalendarCollectionView.m */,
				F9F9C79B1CBF9F4700F7AB33 /* ELCalendarView.h */,
				F9F9C79C1CBF9F4700F7AB33 /* ELCalendarView.m */,
			);
			name = view;
			sourceTree = "<group>";
		};
		F982B0171CC7599100C4248B /* model */ = {
			isa = PBXGroup;
			children = (
				F9DF81EE1CC0BC720045A042 /* ELCalendarModel.h */,
				F9DF81EF1CC0BC720045A042 /* ELCalendarModel.m */,
			);
			name = model;
			sourceTree = "<group>";
		};
		F982B0181CC7599800C4248B /* engine */ = {
			isa = PBXGroup;
			children = (
				F9F9C7951CBF89BA00F7AB33 /* ELCalendarEngine.h */,
				F9F9C7961CBF89BA00F7AB33 /* ELCalendarEngine.m */,
			);
			name = engine;
			sourceTree = "<group>";
		};
		F982B0191CC759B300C4248B /* vc */ = {
			isa = PBXGroup;
			children = (
				F9F9C77E1CBF72B700F7AB33 /* ViewController.h */,
				F9F9C77F1CBF72B700F7AB33 /* ViewController.m */,
			);
			name = vc;
			sourceTree = "<group>";
		};
		F9F9C76C1CBF72B700F7AB33 = {
			isa = PBXGroup;
			children = (
				F9F9C7771CBF72B700F7AB33 /* CalendarDemo */,
				F9F9C7761CBF72B700F7AB33 /* Products */,
			);
			sourceTree = "<group>";
		};
		F9F9C7761CBF72B700F7AB33 /* Products */ = {
			isa = PBXGroup;
			children = (
				F9F9C7751CBF72B700F7AB33 /* CalendarDemo.app */,
			);
			name = Products;
			sourceTree = "<group>";
		};
		F9F9C7771CBF72B700F7AB33 /* CalendarDemo */ = {
			isa = PBXGroup;
			children = (
				F982B0191CC759B300C4248B /* vc */,
				F982B0161CC7598400C4248B /* view */,
				F982B0171CC7599100C4248B /* model */,
				F982B0181CC7599800C4248B /* engine */,
				F9F9C7781CBF72B700F7AB33 /* Supporting Files */,
			);
			path = CalendarDemo;
			sourceTree = "<group>";
		};
		F9F9C7781CBF72B700F7AB33 /* Supporting Files */ = {
			isa = PBXGroup;
			children = (
				F9F9C77B1CBF72B700F7AB33 /* AppDelegate.h */,
				F9F9C77C1CBF72B700F7AB33 /* AppDelegate.m */,
				F9F9C7811CBF72B700F7AB33 /* Main.storyboard */,
				F9F9C7841CBF72B700F7AB33 /* Assets.xcassets */,
				F9F9C7861CBF72B700F7AB33 /* LaunchScreen.storyboard */,
				F9F9C7891CBF72B700F7AB33 /* Info.plist */,
				F9F9C7791CBF72B700F7AB33 /* main.m */,
			);
			name = "Supporting Files";
			sourceTree = "<group>";
		};
/* End PBXGroup section */

/* Begin PBXNativeTarget section */
		F9F9C7741CBF72B700F7AB33 /* CalendarDemo */ = {
			isa = PBXNativeTarget;
			buildConfigurationList = F9F9C78C1CBF72B700F7AB33 /* Build configuration list for PBXNativeTarget "CalendarDemo" */;
			buildPhases = (
				F9F9C7711CBF72B700F7AB33 /* Sources */,
				F9F9C7721CBF72B700F7AB33 /* Frameworks */,
				F9F9C7731CBF72B700F7AB33 /* Resources */,
			);
			buildRules = (
			);
			dependencies = (
			);
			name = CalendarDemo;
			productName = CalendarDemo;
			productReference = F9F9C7751CBF72B700F7AB33 /* CalendarDemo.app */;
			productType = "com.apple.product-type.application";
		};
/* End PBXNativeTarget section */

/* Begin PBXProject section */
		F9F9C76D1CBF72B700F7AB33 /* Project object */ = {
			isa = PBXProject;
			attributes = {
				LastUpgradeCheck = 0720;
				ORGANIZATIONNAME = "科技有限公司";
				TargetAttributes = {
					F9F9C7741CBF72B700F7AB33 = {
						CreatedOnToolsVersion = 7.2.1;
					};
				};
			};
			buildConfigurationList = F9F9C7701CBF72B700F7AB33 /* Build configuration list for PBXProject "CalendarDemo" */;
			compatibilityVersion = "Xcode 3.2";
			developmentRegion = English;
			hasScannedForEncodings = 0;
			knownRegions = (
				en,
				Base,
			);
			mainGroup = F9F9C76C1CBF72B700F7AB33;
			productRefGroup = F9F9C7761CBF72B700F7AB33 /* Products */;
			projectDirPath = "";
			projectRoot = "";
			targets = (
				F9F9C7741CBF72B700F7AB33 /* CalendarDemo */,
			);
		};
/* End PBXProject section */

/* Begin PBXResourcesBuildPhase section */
		F9F9C7731CBF72B700F7AB33 /* Resources */ = {
			isa = PBXResourcesBuildPhase;
			buildActionMask = 2147483647;
			files = (
				F9F9C7881CBF72B700F7AB33 /* LaunchScreen.storyboard in Resources */,
				F9F9C7851CBF72B700F7AB33 /* Assets.xcassets in Resources */,
				F9F9C7831CBF72B700F7AB33 /* Main.storyboard in Resources */,
			);
			runOnlyForDeploymentPostprocessing = 0;
		};
/* End PBXResourcesBuildPhase section */

/* Begin PBXSourcesBuildPhase section */
		F9F9C7711CBF72B700F7AB33 /* Sources */ = {
			isa = PBXSourcesBuildPhase;
			buildActionMask = 2147483647;
			files = (
				F9DF81F01CC0BC720045A042 /* ELCalendarModel.m in Sources */,
				F9F9C7801CBF72B700F7AB33 /* ViewController.m in Sources */,
				F9F9C79D1CBF9F4700F7AB33 /* ELCalendarView.m in Sources */,
				F9F9C7941CBF882700F7AB33 /* ELCalendarCell.m in Sources */,
				F9F9C77D1CBF72B700F7AB33 /* AppDelegate.m in Sources */,
				F9F9C79A1CBF8B0B00F7AB33 /* ELCalendarCollectionView.m in Sources */,
				F9F9C7971CBF89BA00F7AB33 /* ELCalendarEngine.m in Sources */,
				F9F9C77A1CBF72B700F7AB33 /* main.m in Sources */,
			);
			runOnlyForDeploymentPostprocessing = 0;
		};
/* End PBXSourcesBuildPhase section */

/* Begin PBXVariantGroup section */
		F9F9C7811CBF72B700F7AB33 /* Main.storyboard */ = {
			isa = PBXVariantGroup;
			children = (
				F9F9C7821CBF72B700F7AB33 /* Base */,
			);
			name = Main.storyboard;
			sourceTree = "<group>";
		};
		F9F9C7861CBF72B700F7AB33 /* LaunchScreen.storyboard */ = {
			isa = PBXVariantGroup;
			children = (
				F9F9C7871CBF72B700F7AB33 /* Base */,
			);
			name = LaunchScreen.storyboard;
			sourceTree = "<group>";
		};
/* End PBXVariantGroup section */

/* Begin XCBuildConfiguration section */
		F9F9C78A1CBF72B700F7AB33 /* Debug */ = {
			isa = XCBuildConfiguration;
			buildSettings = {
				ALWAYS_SEARCH_USER_PATHS = NO;
				CLANG_CXX_LANGUAGE_STANDARD = "gnu++0x";
				CLANG_CXX_LIBRARY = "libc++";
				CLANG_ENABLE_MODULES = YES;
				CLANG_ENABLE_OBJC_ARC = YES;
				CLANG_WARN_BOOL_CONVERSION = YES;
				CLANG_WARN_CONSTANT_CONVERSION = YES;
				CLANG_WARN_DIRECT_OBJC_ISA_USAGE = YES_ERROR;
				CLANG_WARN_EMPTY_BODY = YES;
				CLANG_WARN_ENUM_CONVERSION = YES;
				CLANG_WARN_INT_CONVERSION = YES;
				CLANG_WARN_OBJC_ROOT_CLASS = YES_ERROR;
				CLANG_WARN_UNREACHABLE_CODE = YES;
				CLANG_WARN__DUPLICATE_METHOD_MATCH = YES;
				"CODE_SIGN_IDENTITY[sdk=iphoneos*]" = "iPhone Developer";
				COPY_PHASE_STRIP = NO;
				DEBUG_INFORMATION_FORMAT = dwarf;
				ENABLE_STRICT_OBJC_MSGSEND = YES;
				ENABLE_TESTABILITY = YES;
				GCC_C_LANGUAGE_STANDARD = gnu99;
				GCC_DYNAMIC_NO_PIC = NO;
				GCC_NO_COMMON_BLOCKS = YES;
				GCC_OPTIMIZATION_LEVEL = 0;
				GCC_PREPROCESSOR_DEFINITIONS = (
					"DEBUG=1",
					"$(inherited)",
				);
				GCC_WARN_64_TO_32_BIT_CONVERSION = YES;
				GCC_WARN_ABOUT_RETURN_TYPE = YES_ERROR;
				GCC_WARN_UNDECLARED_SELECTOR = YES;
				GCC_WARN_UNINITIALIZED_AUTOS = YES_AGGRESSIVE;
				GCC_WARN_UNUSED_FUNCTION = YES;
				GCC_WARN_UNUSED_VARIABLE = YES;
				IPHONEOS_DEPLOYMENT_TARGET = 9.2;
				MTL_ENABLE_DEBUG_INFO = YES;
				ONLY_ACTIVE_ARCH = YES;
				SDKROOT = iphoneos;
				TARGETED_DEVICE_FAMILY = "1,2";
			};
			name = Debug;
		};
		F9F9C78B1CBF72B700F7AB33 /* Release */ = {
			isa = XCBuildConfiguration;
			buildSettings = {
				ALWAYS_SEARCH_USER_PATHS = NO;
				CLANG_CXX_LANGUAGE_STANDARD = "gnu++0x";
				CLANG_CXX_LIBRARY = "libc++";
				CLANG_ENABLE_MODULES = YES;
				CLANG_ENABLE_OBJC_ARC = YES;
				CLANG_WARN_BOOL_CONVERSION = YES;
				CLANG_WARN_CONSTANT_CONVERSION = YES;
				CLANG_WARN_DIRECT_OBJC_ISA_USAGE = YES_ERROR;
				CLANG_WARN_EMPTY_BODY = YES;
				CLANG_WARN_ENUM_CONVERSION = YES;
				CLANG_WARN_INT_CONVERSION = YES;
				CLANG_WARN_OBJC_ROOT_CLASS = YES_ERROR;
				CLANG_WARN_UNREACHABLE_CODE = YES;
				CLANG_WARN__DUPLICATE_METHOD_MATCH = YES;
				"CODE_SIGN_IDENTITY[sdk=iphoneos*]" = "iPhone Developer";
				COPY_PHASE_STRIP = NO;
				DEBUG_INFORMATION_FORMAT = "dwarf-with-dsym";
				ENABLE_NS_ASSERTIONS = NO;
				ENABLE_STRICT_OBJC_MSGSEND = YES;
				GCC_C_LANGUAGE_STANDARD = gnu99;
				GCC_NO_COMMON_BLOCKS = YES;
				GCC_WARN_64_TO_32_BIT_CONVERSION = YES;
				GCC_WARN_ABOUT_RETURN_TYPE = YES_ERROR;
				GCC_WARN_UNDECLARED_SELECTOR = YES;
				GCC_WARN_UNINITIALIZED_AUTOS = YES_AGGRESSIVE;
				GCC_WARN_UNUSED_FUNCTION = YES;
				GCC_WARN_UNUSED_VARIABLE = YES;
				IPHONEOS_DEPLOYMENT_TARGET = 9.2;
				MTL_ENABLE_DEBUG_INFO = NO;
				SDKROOT = iphoneos;
				TARGETED_DEVICE_FAMILY = "1,2";
				VALIDATE_PRODUCT = YES;
			};
			name = Release;
		};
		F9F9C78D1CBF72B700F7AB33 /* Debug */ = {
			isa = XCBuildConfiguration;
			buildSettings = {
				ASSETCATALOG_COMPILER_APPICON_NAME = AppIcon;
				INFOPLIST_FILE = CalendarDemo/Info.plist;
				LD_RUNPATH_SEARCH_PATHS = "$(inherited) @executable_path/Frameworks";
				PRODUCT_BUNDLE_IDENTIFIER = balabla.com.CalendarDemo;
				PRODUCT_NAME = "$(TARGET_NAME)";
			};
			name = Debug;
		};
		F9F9C78E1CBF72B700F7AB33 /* Release */ = {
			isa = XCBuildConfiguration;
			buildSettings = {
				ASSETCATALOG_COMPILER_APPICON_NAME = AppIcon;
				INFOPLIST_FILE = CalendarDemo/Info.plist;
				LD_RUNPATH_SEARCH_PATHS = "$(inherited) @executable_path/Frameworks";
				PRODUCT_BUNDLE_IDENTIFIER = balabla.com.CalendarDemo;
				PRODUCT_NAME = "$(TARGET_NAME)";
			};
			name = Release;
		};
/* End XCBuildConfiguration section */

/* Begin XCConfigurationList section */
		F9F9C7701CBF72B700F7AB33 /* Build configuration list for PBXProject "CalendarDemo" */ = {
			isa = XCConfigurationList;
			buildConfigurations = (
				F9F9C78A1CBF72B700F7AB33 /* Debug */,
				F9F9C78B1CBF72B700F7AB33 /* Release */,
			);
			defaultConfigurationIsVisible = 0;
			defaultConfigurationName = Release;
		};
		F9F9C78C1CBF72B700F7AB33 /* Build configuration list for PBXNativeTarget "CalendarDemo" */ = {
			isa = XCConfigurationList;
			buildConfigurations = (
				F9F9C78D1CBF72B700F7AB33 /* Debug */,
				F9F9C78E1CBF72B700F7AB33 /* Release */,
			);
			defaultConfigurationIsVisible = 0;
			defaultConfigurationName = Release;
		};
/* End XCConfigurationList section */
	};
	rootObject = F9F9C76D1CBF72B700F7AB33 /* Project object */;
}
